// !$*UTF8*$!
{
	archiveVersion = 1;
	classes = {
	};
	objectVersion = 56;
	objects = {

/* Begin PBXBuildFile section */
		51E9E1AD297E76D400CF869B /* AppDelegate.swift in Sources */ = {isa = PBXBuildFile; fileRef = 51E9E1AC297E76D400CF869B /* AppDelegate.swift */; };
		51E9E1AF297E76D400CF869B /* SceneDelegate.swift in Sources */ = {isa = PBXBuildFile; fileRef = 51E9E1AE297E76D400CF869B /* SceneDelegate.swift */; };
		51E9E1B1297E76D400CF869B /* ViewController.swift in Sources */ = {isa = PBXBuildFile; fileRef = 51E9E1B0297E76D400CF869B /* ViewController.swift */; };
		51E9E1B4297E76D400CF869B /* Main.storyboard in Resources */ = {isa = PBXBuildFile; fileRef = 51E9E1B2297E76D400CF869B /* Main.storyboard */; };
		51E9E1B7297E76D400CF869B /* Currency_Converter.xcdatamodeld in Sources */ = {isa = PBXBuildFile; fileRef = 51E9E1B5297E76D400CF869B /* Currency_Converter.xcdatamodeld */; };
		51E9E1B9297E76D600CF869B /* Assets.xcassets in Resources */ = {isa = PBXBuildFile; fileRef = 51E9E1B8297E76D600CF869B /* Assets.xcassets */; };
		51E9E1BC297E76D600CF869B /* LaunchScreen.storyboard in Resources */ = {isa = PBXBuildFile; fileRef = 51E9E1BA297E76D600CF869B /* LaunchScreen.storyboard */; };
		51E9E1C7297E76D600CF869B /* Currency_ConverterTests.swift in Sources */ = {isa = PBXBuildFile; fileRef = 51E9E1C6297E76D600CF869B /* Currency_ConverterTests.swift */; };
		51E9E1D1297E76D600CF869B /* Currency_ConverterUITests.swift in Sources */ = {isa = PBXBuildFile; fileRef = 51E9E1D0297E76D600CF869B /* Currency_ConverterUITests.swift */; };
		51E9E1D3297E76D600CF869B /* Currency_ConverterUITestsLaunchTests.swift in Sources */ = {isa = PBXBuildFile; fileRef = 51E9E1D2297E76D600CF869B /* Currency_ConverterUITestsLaunchTests.swift */; };
/* End PBXBuildFile section */

/* Begin PBXContainerItemProxy section */
		51E9E1C3297E76D600CF869B /* PBXContainerItemProxy */ = {
			isa = PBXContainerItemProxy;
			containerPortal = 51E9E1A1297E76D300CF869B /* Project object */;
			proxyType = 1;
			remoteGlobalIDString = 51E9E1A8297E76D400CF869B;
			remoteInfo = "Currency Converter";
		};
		51E9E1CD297E76D600CF869B /* PBXContainerItemProxy */ = {
			isa = PBXContainerItemProxy;
			containerPortal = 51E9E1A1297E76D300CF869B /* Project object */;
			proxyType = 1;
			remoteGlobalIDString = 51E9E1A8297E76D400CF869B;
			remoteInfo = "Currency Converter";
		};
/* End PBXContainerItemProxy section */

/* Begin PBXFileReference section */
		51E9E1A9297E76D400CF869B /* Currency Converter.app */ = {isa = PBXFileReference; explicitFileType = wrapper.application; includeInIndex = 0; path = "Currency Converter.app"; sourceTree = BUILT_PRODUCTS_DIR; };
		51E9E1AC297E76D400CF869B /* AppDelegate.swift */ = {isa = PBXFileReference; lastKnownFileType = sourcecode.swift; path = AppDelegate.swift; sourceTree = "<group>"; };
		51E9E1AE297E76D400CF869B /* SceneDelegate.swift */ = {isa = PBXFileReference; lastKnownFileType = sourcecode.swift; path = SceneDelegate.swift; sourceTree = "<group>"; };
		51E9E1B0297E76D400CF869B /* ViewController.swift */ = {isa = PBXFileReference; lastKnownFileType = sourcecode.swift; path = ViewController.swift; sourceTree = "<group>"; };
		51E9E1B3297E76D400CF869B /* Base */ = {isa = PBXFileReference; lastKnownFileType = file.storyboard; name = Base; path = Base.lproj/Main.storyboard; sourceTree = "<group>"; };
		51E9E1B6297E76D400CF869B /* Currency_Converter.xcdatamodel */ = {isa = PBXFileReference; lastKnownFileType = wrapper.xcdatamodel; path = Currency_Converter.xcdatamodel; sourceTree = "<group>"; };
		51E9E1B8297E76D600CF869B /* Assets.xcassets */ = {isa = PBXFileReference; lastKnownFileType = folder.assetcatalog; path = Assets.xcassets; sourceTree = "<group>"; };
		51E9E1BB297E76D600CF869B /* Base */ = {isa = PBXFileReference; lastKnownFileType = file.storyboard; name = Base; path = Base.lproj/LaunchScreen.storyboard; sourceTree = "<group>"; };
		51E9E1BD297E76D600CF869B /* Info.plist */ = {isa = PBXFileReference; lastKnownFileType = text.plist.xml; path = Info.plist; sourceTree = "<group>"; };
		51E9E1C2297E76D600CF869B /* Currency ConverterTests.xctest */ = {isa = PBXFileReference; explicitFileType = wrapper.cfbundle; includeInIndex = 0; path = "Currency ConverterTests.xctest"; sourceTree = BUILT_PRODUCTS_DIR; };
		51E9E1C6297E76D600CF869B /* Currency_ConverterTests.swift */ = {isa = PBXFileReference; lastKnownFileType = sourcecode.swift; path = Currency_ConverterTests.swift; sourceTree = "<group>"; };
		51E9E1CC297E76D600CF869B /* Currency ConverterUITests.xctest */ = {isa = PBXFileReference; explicitFileType = wrapper.cfbundle; includeInIndex = 0; path = "Currency ConverterUITests.xctest"; sourceTree = BUILT_PRODUCTS_DIR; };
		51E9E1D0297E76D600CF869B /* Currency_ConverterUITests.swift */ = {isa = PBXFileReference; lastKnownFileType = sourcecode.swift; path = Currency_ConverterUITests.swift; sourceTree = "<group>"; };
		51E9E1D2297E76D600CF869B /* Currency_ConverterUITestsLaunchTests.swift */ = {isa = PBXFileReference; lastKnownFileType = sourcecode.swift; path = Currency_ConverterUITestsLaunchTests.swift; sourceTree = "<group>"; };
/* End PBXFileReference section */

/* Begin PBXFrameworksBuildPhase section */
		51E9E1A6297E76D400CF869B /* Frameworks */ = {
			isa = PBXFrameworksBuildPhase;
			buildActionMask = 2147483647;
			files = (
			);
			runOnlyForDeploymentPostprocessing = 0;
		};
		51E9E1BF297E76D600CF869B /* Frameworks */ = {
			isa = PBXFrameworksBuildPhase;
			buildActionMask = 2147483647;
			files = (
			);
			runOnlyForDeploymentPostprocessing = 0;
		};
		51E9E1C9297E76D600CF869B /* Frameworks */ = {
			isa = PBXFrameworksBuildPhase;
			buildActionMask = 2147483647;
			files = (
			);
			runOnlyForDeploymentPostprocessing = 0;
		};
/* End PBXFrameworksBuildPhase section */

/* Begin PBXGroup section */
		51E9E1A0297E76D300CF869B = {
			isa = PBXGroup;
			children = (
				51E9E1AB297E76D400CF869B /* Currency Converter */,
				51E9E1C5297E76D600CF869B /* Currency ConverterTests */,
				51E9E1CF297E76D600CF869B /* Currency ConverterUITests */,
				51E9E1AA297E76D400CF869B /* Products */,
			);
			sourceTree = "<group>";
		};
		51E9E1AA297E76D400CF869B /* Products */ = {
			isa = PBXGroup;
			children = (
				51E9E1A9297E76D400CF869B /* Currency Converter.app */,
				51E9E1C2297E76D600CF869B /* Currency ConverterTests.xctest */,
				51E9E1CC297E76D600CF869B /* Currency ConverterUITests.xctest */,
			);
			name = Products;
			sourceTree = "<group>";
		};
		51E9E1AB297E76D400CF869B /* Currency Converter */ = {
			isa = PBXGroup;
			children = (
				51E9E1AC297E76D400CF869B /* AppDelegate.swift */,
				51E9E1AE297E76D400CF869B /* SceneDelegate.swift */,
				51E9E1B0297E76D400CF869B /* ViewController.swift */,
				51E9E1B2297E76D400CF869B /* Main.storyboard */,
				51E9E1B8297E76D600CF869B /* Assets.xcassets */,
				51E9E1BA297E76D600CF869B /* LaunchScreen.storyboard */,
				51E9E1BD297E76D600CF869B /* Info.plist */,
				51E9E1B5297E76D400CF869B /* Currency_Converter.xcdatamodeld */,
			);
			path = "Currency Converter";
			sourceTree = "<group>";
		};
		51E9E1C5297E76D600CF869B /* Currency ConverterTests */ = {
			isa = PBXGroup;
			children = (
				51E9E1C6297E76D600CF869B /* Currency_ConverterTests.swift */,
			);
			path = "Currency ConverterTests";
			sourceTree = "<group>";
		};
		51E9E1CF297E76D600CF869B /* Currency ConverterUITests */ = {
			isa = PBXGroup;
			children = (
				51E9E1D0297E76D600CF869B /* Currency_ConverterUITests.swift */,
				51E9E1D2297E76D600CF869B /* Currency_ConverterUITestsLaunchTests.swift */,
			);
			path = "Currency ConverterUITests";
			sourceTree = "<group>";
		};
/* End PBXGroup section */

/* Begin PBXNativeTarget section */
		51E9E1A8297E76D400CF869B /* Currency Converter */ = {
			isa = PBXNativeTarget;
			buildConfigurationList = 51E9E1D6297E76D600CF869B /* Build configuration list for PBXNativeTarget "Currency Converter" */;
			buildPhases = (
				51E9E1A5297E76D400CF869B /* Sources */,
				51E9E1A6297E76D400CF869B /* Frameworks */,
				51E9E1A7297E76D400CF869B /* Resources */,
			);
			buildRules = (
			);
			dependencies = (
			);
			name = "Currency Converter";
			productName = "Currency Converter";
			productReference = 51E9E1A9297E76D400CF869B /* Currency Converter.app */;
			productType = "com.apple.product-type.application";
		};
		51E9E1C1297E76D600CF869B /* Currency ConverterTests */ = {
			isa = PBXNativeTarget;
			buildConfigurationList = 51E9E1D9297E76D600CF869B /* Build configuration list for PBXNativeTarget "Currency ConverterTests" */;
			buildPhases = (
				51E9E1BE297E76D600CF869B /* Sources */,
				51E9E1BF297E76D600CF869B /* Frameworks */,
				51E9E1C0297E76D600CF869B /* Resources */,
			);
			buildRules = (
			);
			dependencies = (
				51E9E1C4297E76D600CF869B /* PBXTargetDependency */,
			);
			name = "Currency ConverterTests";
			productName = "Currency ConverterTests";
			productReference = 51E9E1C2297E76D600CF869B /* Currency ConverterTests.xctest */;
			productType = "com.apple.product-type.bundle.unit-test";
		};
		51E9E1CB297E76D600CF869B /* Currency ConverterUITests */ = {
			isa = PBXNativeTarget;
			buildConfigurationList = 51E9E1DC297E76D600CF869B /* Build configuration list for PBXNativeTarget "Currency ConverterUITests" */;
			buildPhases = (
				51E9E1C8297E76D600CF869B /* Sources */,
				51E9E1C9297E76D600CF869B /* Frameworks */,
				51E9E1CA297E76D600CF869B /* Resources */,
			);
			buildRules = (
			);
			dependencies = (
				51E9E1CE297E76D600CF869B /* PBXTargetDependency */,
			);
			name = "Currency ConverterUITests";
			productName = "Currency ConverterUITests";
			productReference = 51E9E1CC297E76D600CF869B /* Currency ConverterUITests.xctest */;
			productType = "com.apple.product-type.bundle.ui-testing";
		};
/* End PBXNativeTarget section */

/* Begin PBXProject section */
		51E9E1A1297E76D300CF869B /* Project object */ = {
			isa = PBXProject;
			attributes = {
				BuildIndependentTargetsInParallel = 1;
				LastSwiftUpdateCheck = 1420;
				LastUpgradeCheck = 1420;
				TargetAttributes = {
					51E9E1A8297E76D400CF869B = {
						CreatedOnToolsVersion = 14.2;
					};
					51E9E1C1297E76D600CF869B = {
						CreatedOnToolsVersion = 14.2;
						TestTargetID = 51E9E1A8297E76D400CF869B;
					};
					51E9E1CB297E76D600CF869B = {
						CreatedOnToolsVersion = 14.2;
						TestTargetID = 51E9E1A8297E76D400CF869B;
					};
				};
			};
			buildConfigurationList = 51E9E1A4297E76D300CF869B /* Build configuration list for PBXProject "Currency Converter" */;
			compatibilityVersion = "Xcode 14.0";
			developmentRegion = en;
			hasScannedForEncodings = 0;
			knownRegions = (
				en,
				Base,
			);
			mainGroup = 51E9E1A0297E76D300CF869B;
			productRefGroup = 51E9E1AA297E76D400CF869B /* Products */;
			projectDirPath = "";
			projectRoot = "";
			targets = (
				51E9E1A8297E76D400CF869B /* Currency Converter */,
				51E9E1C1297E76D600CF869B /* Currency ConverterTests */,
				51E9E1CB297E76D600CF869B /* Currency ConverterUITests */,
			);
		};
/* End PBXProject section */

/* Begin PBXResourcesBuildPhase section */
		51E9E1A7297E76D400CF869B /* Resources */ = {
			isa = PBXResourcesBuildPhase;
			buildActionMask = 2147483647;
			files = (
				51E9E1BC297E76D600CF869B /* LaunchScreen.storyboard in Resources */,
				51E9E1B9297E76D600CF869B /* Assets.xcassets in Resources */,
				51E9E1B4297E76D400CF869B /* Main.storyboard in Resources */,
			);
			runOnlyForDeploymentPostprocessing = 0;
		};
		51E9E1C0297E76D600CF869B /* Resources */ = {
			isa = PBXResourcesBuildPhase;
			buildActionMask = 2147483647;
			files = (
			);
			runOnlyForDeploymentPostprocessing = 0;
		};
		51E9E1CA297E76D600CF869B /* Resources */ = {
			isa = PBXResourcesBuildPhase;
			buildActionMask = 2147483647;
			files = (
			);
			runOnlyForDeploymentPostprocessing = 0;
		};
/* End PBXResourcesBuildPhase section */

/* Begin PBXSourcesBuildPhase section */
		51E9E1A5297E76D400CF869B /* Sources */ = {
			isa = PBXSourcesBuildPhase;
			buildActionMask = 2147483647;
			files = (
				51E9E1B1297E76D400CF869B /* ViewController.swift in Sources */,
				51E9E1B7297E76D400CF869B /* Currency_Converter.xcdatamodeld in Sources */,
				51E9E1AD297E76D400CF869B /* AppDelegate.swift in Sources */,
				51E9E1AF297E76D400CF869B /* SceneDelegate.swift in Sources */,
			);
			runOnlyForDeploymentPostprocessing = 0;
		};
		51E9E1BE297E76D600CF869B /* Sources */ = {
			isa = PBXSourcesBuildPhase;
			buildActionMask = 2147483647;
			files = (
				51E9E1C7297E76D600CF869B /* Currency_ConverterTests.swift in Sources */,
			);
			runOnlyForDeploymentPostprocessing = 0;
		};
		51E9E1C8297E76D600CF869B /* Sources */ = {
			isa = PBXSourcesBuildPhase;
			buildActionMask = 2147483647;
			files = (
				51E9E1D3297E76D600CF869B /* Currency_ConverterUITestsLaunchTests.swift in Sources */,
				51E9E1D1297E76D600CF869B /* Currency_ConverterUITests.swift in Sources */,
			);
			runOnlyForDeploymentPostprocessing = 0;
		};
/* End PBXSourcesBuildPhase section */

/* Begin PBXTargetDependency section */
		51E9E1C4297E76D600CF869B /* PBXTargetDependency */ = {
			isa = PBXTargetDependency;
			target = 51E9E1A8297E76D400CF869B /* Currency Converter */;
			targetProxy = 51E9E1C3297E76D600CF869B /* PBXContainerItemProxy */;
		};
		51E9E1CE297E76D600CF869B /* PBXTargetDependency */ = {
			isa = PBXTargetDependency;
			target = 51E9E1A8297E76D400CF869B /* Currency Converter */;
			targetProxy = 51E9E1CD297E76D600CF869B /* PBXContainerItemProxy */;
		};
/* End PBXTargetDependency section */

/* Begin PBXVariantGroup section */
		51E9E1B2297E76D400CF869B /* Main.storyboard */ = {
			isa = PBXVariantGroup;
			children = (
				51E9E1B3297E76D400CF869B /* Base */,
			);
			name = Main.storyboard;
			sourceTree = "<group>";
		};
		51E9E1BA297E76D600CF869B /* LaunchScreen.storyboard */ = {
			isa = PBXVariantGroup;
			children = (
				51E9E1BB297E76D600CF869B /* Base */,
			);
			name = LaunchScreen.storyboard;
			sourceTree = "<group>";
		};
/* End PBXVariantGroup section */

/* Begin XCBuildConfiguration section */
		51E9E1D4297E76D600CF869B /* Debug */ = {
			isa = XCBuildConfiguration;
			buildSettings = {
				ALWAYS_SEARCH_USER_PATHS = NO;
				CLANG_ANALYZER_NONNULL = YES;
				CLANG_ANALYZER_NUMBER_OBJECT_CONVERSION = YES_AGGRESSIVE;
				CLANG_CXX_LANGUAGE_STANDARD = "gnu++20";
				CLANG_ENABLE_MODULES = YES;
				CLANG_ENABLE_OBJC_ARC = YES;
				CLANG_ENABLE_OBJC_WEAK = YES;
				CLANG_WARN_BLOCK_CAPTURE_AUTORELEASING = YES;
				CLANG_WARN_BOOL_CONVERSION = YES;
				CLANG_WARN_COMMA = YES;
				CLANG_WARN_CONSTANT_CONVERSION = YES;
				CLANG_WARN_DEPRECATED_OBJC_IMPLEMENTATIONS = YES;
				CLANG_WARN_DIRECT_OBJC_ISA_USAGE = YES_ERROR;
				CLANG_WARN_DOCUMENTATION_COMMENTS = YES;
				CLANG_WARN_EMPTY_BODY = YES;
				CLANG_WARN_ENUM_CONVERSION = YES;
				CLANG_WARN_INFINITE_RECURSION = YES;
				CLANG_WARN_INT_CONVERSION = YES;
				CLANG_WARN_NON_LITERAL_NULL_CONVERSION = YES;
				CLANG_WARN_OBJC_IMPLICIT_RETAIN_SELF = YES;
				CLANG_WARN_OBJC_LITERAL_CONVERSION = YES;
				CLANG_WARN_OBJC_ROOT_CLASS = YES_ERROR;
				CLANG_WARN_QUOTED_INCLUDE_IN_FRAMEWORK_HEADER = YES;
				CLANG_WARN_RANGE_LOOP_ANALYSIS = YES;
				CLANG_WARN_STRICT_PROTOTYPES = YES;
				CLANG_WARN_SUSPICIOUS_MOVE = YES;
				CLANG_WARN_UNGUARDED_AVAILABILITY = YES_AGGRESSIVE;
				CLANG_WARN_UNREACHABLE_CODE = YES;
				CLANG_WARN__DUPLICATE_METHOD_MATCH = YES;
				COPY_PHASE_STRIP = NO;
				DEBUG_INFORMATION_FORMAT = dwarf;
				ENABLE_STRICT_OBJC_MSGSEND = YES;
				ENABLE_TESTABILITY = YES;
				GCC_C_LANGUAGE_STANDARD = gnu11;
				GCC_DYNAMIC_NO_PIC = NO;
				GCC_NO_COMMON_BLOCKS = YES;
				GCC_OPTIMIZATION_LEVEL = 0;
				GCC_PREPROCESSOR_DEFINITIONS = (
					"DEBUG=1",
					"$(inherited)",
				);
				GCC_WARN_64_TO_32_BIT_CONVERSION = YES;
				GCC_WARN_ABOUT_RETURN_TYPE = YES_ERROR;
				GCC_WARN_UNDECLARED_SELECTOR = YES;
				GCC_WARN_UNINITIALIZED_AUTOS = YES_AGGRESSIVE;
				GCC_WARN_UNUSED_FUNCTION = YES;
				GCC_WARN_UNUSED_VARIABLE = YES;
				IPHONEOS_DEPLOYMENT_TARGET = 16.2;
				MTL_ENABLE_DEBUG_INFO = INCLUDE_SOURCE;
				MTL_FAST_MATH = YES;
				ONLY_ACTIVE_ARCH = YES;
				SDKROOT = iphoneos;
				SWIFT_ACTIVE_COMPILATION_CONDITIONS = DEBUG;
				SWIFT_OPTIMIZATION_LEVEL = "-Onone";
			};
			name = Debug;
		};
		51E9E1D5297E76D600CF869B /* Release */ = {
			isa = XCBuildConfiguration;
			buildSettings = {
				ALWAYS_SEARCH_USER_PATHS = NO;
				CLANG_ANALYZER_NONNULL = YES;
				CLANG_ANALYZER_NUMBER_OBJECT_CONVERSION = YES_AGGRESSIVE;
				CLANG_CXX_LANGUAGE_STANDARD = "gnu++20";
				CLANG_ENABLE_MODULES = YES;
				CLANG_ENABLE_OBJC_ARC = YES;
				CLANG_ENABLE_OBJC_WEAK = YES;
				CLANG_WARN_BLOCK_CAPTURE_AUTORELEASING = YES;
				CLANG_WARN_BOOL_CONVERSION = YES;
				CLANG_WARN_COMMA = YES;
				CLANG_WARN_CONSTANT_CONVERSION = YES;
				CLANG_WARN_DEPRECATED_OBJC_IMPLEMENTATIONS = YES;
				CLANG_WARN_DIRECT_OBJC_ISA_USAGE = YES_ERROR;
				CLANG_WARN_DOCUMENTATION_COMMENTS = YES;
				CLANG_WARN_EMPTY_BODY = YES;
				CLANG_WARN_ENUM_CONVERSION = YES;
				CLANG_WARN_INFINITE_RECURSION = YES;
				CLANG_WARN_INT_CONVERSION = YES;
				CLANG_WARN_NON_LITERAL_NULL_CONVERSION = YES;
				CLANG_WARN_OBJC_IMPLICIT_RETAIN_SELF = YES;
				CLANG_WARN_OBJC_LITERAL_CONVERSION = YES;
				CLANG_WARN_OBJC_ROOT_CLASS = YES_ERROR;
				CLANG_WARN_QUOTED_INCLUDE_IN_FRAMEWORK_HEADER = YES;
				CLANG_WARN_RANGE_LOOP_ANALYSIS = YES;
				CLANG_WARN_STRICT_PROTOTYPES = YES;
				CLANG_WARN_SUSPICIOUS_MOVE = YES;
				CLANG_WARN_UNGUARDED_AVAILABILITY = YES_AGGRESSIVE;
				CLANG_WARN_UNREACHABLE_CODE = YES;
				CLANG_WARN__DUPLICATE_METHOD_MATCH = YES;
				COPY_PHASE_STRIP = NO;
				DEBUG_INFORMATION_FORMAT = "dwarf-with-dsym";
				ENABLE_NS_ASSERTIONS = NO;
				ENABLE_STRICT_OBJC_MSGSEND = YES;
				GCC_C_LANGUAGE_STANDARD = gnu11;
				GCC_NO_COMMON_BLOCKS = YES;
				GCC_WARN_64_TO_32_BIT_CONVERSION = YES;
				GCC_WARN_ABOUT_RETURN_TYPE = YES_ERROR;
				GCC_WARN_UNDECLARED_SELECTOR = YES;
				GCC_WARN_UNINITIALIZED_AUTOS = YES_AGGRESSIVE;
				GCC_WARN_UNUSED_FUNCTION = YES;
				GCC_WARN_UNUSED_VARIABLE = YES;
				IPHONEOS_DEPLOYMENT_TARGET = 16.2;
				MTL_ENABLE_DEBUG_INFO = NO;
				MTL_FAST_MATH = YES;
				SDKROOT = iphoneos;
				SWIFT_COMPILATION_MODE = wholemodule;
				SWIFT_OPTIMIZATION_LEVEL = "-O";
				VALIDATE_PRODUCT = YES;
			};
			name = Release;
		};
		51E9E1D7297E76D600CF869B /* Debug */ = {
			isa = XCBuildConfiguration;
			buildSettings = {
				ASSETCATALOG_COMPILER_APPICON_NAME = AppIcon;
				ASSETCATALOG_COMPILER_GLOBAL_ACCENT_COLOR_NAME = AccentColor;
				CODE_SIGN_STYLE = Automatic;
				CURRENT_PROJECT_VERSION = 1;
				DEVELOPMENT_TEAM = LN6Z64W6MA;
				GENERATE_INFOPLIST_FILE = YES;
				INFOPLIST_FILE = "Currency Converter/Info.plist";
				INFOPLIST_KEY_UIApplicationSupportsIndirectInputEvents = YES;
				INFOPLIST_KEY_UILaunchStoryboardName = LaunchScreen;
				INFOPLIST_KEY_UIMainStoryboardFile = Main;
				INFOPLIST_KEY_UISupportedInterfaceOrientations_iPad = "UIInterfaceOrientationPortrait UIInterfaceOrientationPortraitUpsideDown UIInterfaceOrientationLandscapeLeft UIInterfaceOrientationLandscapeRight";
				INFOPLIST_KEY_UISupportedInterfaceOrientations_iPhone = "UIInterfaceOrientationPortrait UIInterfaceOrientationLandscapeLeft UIInterfaceOrientationLandscapeRight";
				LD_RUNPATH_SEARCH_PATHS = (
					"$(inherited)",
					"@executable_path/Frameworks",
				);
				MARKETING_VERSION = 1.0;
				PRODUCT_BUNDLE_IDENTIFIER = "com.horizam.Currency-Converter";
				PRODUCT_NAME = "$(TARGET_NAME)";
				SWIFT_EMIT_LOC_STRINGS = YES;
				SWIFT_VERSION = 5.0;
				TARGETED_DEVICE_FAMILY = "1,2";
			};
			name = Debug;
		};
		51E9E1D8297E76D600CF869B /* Release */ = {
			isa = XCBuildConfiguration;
			buildSettings = {
				ASSETCATALOG_COMPILER_APPICON_NAME = AppIcon;
				ASSETCATALOG_COMPILER_GLOBAL_ACCENT_COLOR_NAME = AccentColor;
				CODE_SIGN_STYLE = Automatic;
				CURRENT_PROJECT_VERSION = 1;
				DEVELOPMENT_TEAM = LN6Z64W6MA;
				GENERATE_INFOPLIST_FILE = YES;
				INFOPLIST_FILE = "Currency Converter/Info.plist";
				INFOPLIST_KEY_UIApplicationSupportsIndirectInputEvents = YES;
				INFOPLIST_KEY_UILaunchStoryboardName = LaunchScreen;
				INFOPLIST_KEY_UIMainStoryboardFile = Main;
				INFOPLIST_KEY_UISupportedInterfaceOrientations_iPad = "UIInterfaceOrientationPortrait UIInterfaceOrientationPortraitUpsideDown UIInterfaceOrientationLandscapeLeft UIInterfaceOrientationLandscapeRight";
				INFOPLIST_KEY_UISupportedInterfaceOrientations_iPhone = "UIInterfaceOrientationPortrait UIInterfaceOrientationLandscapeLeft UIInterfaceOrientationLandscapeRight";
				LD_RUNPATH_SEARCH_PATHS = (
					"$(inherited)",
					"@executable_path/Frameworks",
				);
				MARKETING_VERSION = 1.0;
				PRODUCT_BUNDLE_IDENTIFIER = "com.horizam.Currency-Converter";
				PRODUCT_NAME = "$(TARGET_NAME)";
				SWIFT_EMIT_LOC_STRINGS = YES;
				SWIFT_VERSION = 5.0;
				TARGETED_DEVICE_FAMILY = "1,2";
			};
			name = Release;
		};
		51E9E1DA297E76D600CF869B /* Debug */ = {
			isa = XCBuildConfiguration;
			buildSettings = {
				ALWAYS_EMBED_SWIFT_STANDARD_LIBRARIES = YES;
				BUNDLE_LOADER = "$(TEST_HOST)";
				CODE_SIGN_STYLE = Automatic;
				CURRENT_PROJECT_VERSION = 1;
				DEVELOPMENT_TEAM = LN6Z64W6MA;
				GENERATE_INFOPLIST_FILE = YES;
				IPHONEOS_DEPLOYMENT_TARGET = 16.2;
				MARKETING_VERSION = 1.0;
				PRODUCT_BUNDLE_IDENTIFIER = "com.horizam.Currency-ConverterTests";
				PRODUCT_NAME = "$(TARGET_NAME)";
				SWIFT_EMIT_LOC_STRINGS = NO;
				SWIFT_VERSION = 5.0;
				TARGETED_DEVICE_FAMILY = "1,2";
				TEST_HOST = "$(BUILT_PRODUCTS_DIR)/Currency Converter.app/$(BUNDLE_EXECUTABLE_FOLDER_PATH)/Currency Converter";
			};
			name = Debug;
		};
		51E9E1DB297E76D600CF869B /* Release */ = {
			isa = XCBuildConfiguration;
			buildSettings = {
				ALWAYS_EMBED_SWIFT_STANDARD_LIBRARIES = YES;
				BUNDLE_LOADER = "$(TEST_HOST)";
				CODE_SIGN_STYLE = Automatic;
				CURRENT_PROJECT_VERSION = 1;
				DEVELOPMENT_TEAM = LN6Z64W6MA;
				GENERATE_INFOPLIST_FILE = YES;
				IPHONEOS_DEPLOYMENT_TARGET = 16.2;
				MARKETING_VERSION = 1.0;
				PRODUCT_BUNDLE_IDENTIFIER = "com.horizam.Currency-ConverterTests";
				PRODUCT_NAME = "$(TARGET_NAME)";
				SWIFT_EMIT_LOC_STRINGS = NO;
				SWIFT_VERSION = 5.0;
				TARGETED_DEVICE_FAMILY = "1,2";
				TEST_HOST = "$(BUILT_PRODUCTS_DIR)/Currency Converter.app/$(BUNDLE_EXECUTABLE_FOLDER_PATH)/Currency Converter";
			};
			name = Release;
		};
		51E9E1DD297E76D600CF869B /* Debug */ = {
			isa = XCBuildConfiguration;
			buildSettings = {
				ALWAYS_EMBED_SWIFT_STANDARD_LIBRARIES = YES;
				CODE_SIGN_STYLE = Automatic;
				CURRENT_PROJECT_VERSION = 1;
				DEVELOPMENT_TEAM = LN6Z64W6MA;
				GENERATE_INFOPLIST_FILE = YES;
				MARKETING_VERSION = 1.0;
				PRODUCT_BUNDLE_IDENTIFIER = "com.horizam.Currency-ConverterUITests";
				PRODUCT_NAME = "$(TARGET_NAME)";
				SWIFT_EMIT_LOC_STRINGS = NO;
				SWIFT_VERSION = 5.0;
				TARGETED_DEVICE_FAMILY = "1,2";
				TEST_TARGET_NAME = "Currency Converter";
			};
			name = Debug;
		};
		51E9E1DE297E76D600CF869B /* Release */ = {
			isa = XCBuildConfiguration;
			buildSettings = {
				ALWAYS_EMBED_SWIFT_STANDARD_LIBRARIES = YES;
				CODE_SIGN_STYLE = Automatic;
				CURRENT_PROJECT_VERSION = 1;
				DEVELOPMENT_TEAM = LN6Z64W6MA;
				GENERATE_INFOPLIST_FILE = YES;
				MARKETING_VERSION = 1.0;
				PRODUCT_BUNDLE_IDENTIFIER = "com.horizam.Currency-ConverterUITests";
				PRODUCT_NAME = "$(TARGET_NAME)";
				SWIFT_EMIT_LOC_STRINGS = NO;
				SWIFT_VERSION = 5.0;
				TARGETED_DEVICE_FAMILY = "1,2";
				TEST_TARGET_NAME = "Currency Converter";
			};
			name = Release;
		};
/* End XCBuildConfiguration section */

/* Begin XCConfigurationList section */
		51E9E1A4297E76D300CF869B /* Build configuration list for PBXProject "Currency Converter" */ = {
			isa = XCConfigurationList;
			buildConfigurations = (
				51E9E1D4297E76D600CF869B /* Debug */,
				51E9E1D5297E76D600CF869B /* Release */,
			);
			defaultConfigurationIsVisible = 0;
			defaultConfigurationName = Release;
		};
		51E9E1D6297E76D600CF869B /* Build configuration list for PBXNativeTarget "Currency Converter" */ = {
			isa = XCConfigurationList;
			buildConfigurations = (
				51E9E1D7297E76D600CF869B /* Debug */,
				51E9E1D8297E76D600CF869B /* Release */,
			);
			defaultConfigurationIsVisible = 0;
			defaultConfigurationName = Release;
		};
		51E9E1D9297E76D600CF869B /* Build configuration list for PBXNativeTarget "Currency ConverterTests" */ = {
			isa = XCConfigurationList;
			buildConfigurations = (
				51E9E1DA297E76D600CF869B /* Debug */,
				51E9E1DB297E76D600CF869B /* Release */,
			);
			defaultConfigurationIsVisible = 0;
			defaultConfigurationName = Release;
		};
		51E9E1DC297E76D600CF869B /* Build configuration list for PBXNativeTarget "Currency ConverterUITests" */ = {
			isa = XCConfigurationList;
			buildConfigurations = (
				51E9E1DD297E76D600CF869B /* Debug */,
				51E9E1DE297E76D600CF869B /* Release */,
			);
			defaultConfigurationIsVisible = 0;
			defaultConfigurationName = Release;
		};
/* End XCConfigurationList section */

/* Begin XCVersionGroup section */
		51E9E1B5297E76D400CF869B /* Currency_Converter.xcdatamodeld */ = {
			isa = XCVersionGroup;
			children = (
				51E9E1B6297E76D400CF869B /* Currency_Converter.xcdatamodel */,
			);
			currentVersion = 51E9E1B6297E76D400CF869B /* Currency_Converter.xcdatamodel */;
			path = Currency_Converter.xcdatamodeld;
			sourceTree = "<group>";
			versionGroupType = wrapper.xcdatamodel;
		};
/* End XCVersionGroup section */
	};
	rootObject = 51E9E1A1297E76D300CF869B /* Project object */;
}
